
Microsoft Visual Studio Solution File, Format Version 12.00
# Visual Studio Version 16
VisualStudioVersion = 16.0.32602.291
MinimumVisualStudioVersion = 10.0.40219.1
Project("{FAE04EC0-301F-11D3-BF4B-00C04F79EFBC}") = "MinimalCounter.UWP", "MinimalCounter\MinimalCounter.UWP\MinimalCounter.UWP.csproj", "{21D7682A-7FB1-415D-AF1C-80CBB1AF193D}"
EndProject
Project("{FAE04EC0-301F-11D3-BF4B-00C04F79EFBC}") = "MinimalCounter.Android", "MinimalCounter\MinimalCounter.Android\MinimalCounter.Android.csproj", "{E08FFB0E-850A-4199-BAC2-3ECDD0F30BA3}"
EndProject
Project("{FAE04EC0-301F-11D3-BF4B-00C04F79EFBC}") = "MinimalCounter.iOS", "MinimalCounter\MinimalCounter.iOS\MinimalCounter.iOS.csproj", "{A313E0A3-6E7C-4142-8E2A-AF766F74CBD1}"
EndProject
Project("{FAE04EC0-301F-11D3-BF4B-00C04F79EFBC}") = "MinimalCounter", "MinimalCounter\MinimalCounter\MinimalCounter.csproj", "{5785C1DD-058F-49AA-BCE9-DE30C39CF218}"
EndProject
Global
	GlobalSection(SolutionConfigurationPlatforms) = preSolution
		Debug|Any CPU = Debug|Any CPU
		Debug|ARM = Debug|ARM
		Debug|iPhone = Debug|iPhone
		Debug|iPhoneSimulator = Debug|iPhoneSimulator
		Debug|x64 = Debug|x64
		Debug|x86 = Debug|x86
		Release|Any CPU = Release|Any CPU
		Release|ARM = Release|ARM
		Release|iPhone = Release|iPhone
		Release|iPhoneSimulator = Release|iPhoneSimulator
		Release|x64 = Release|x64
		Release|x86 = Release|x86
	EndGlobalSection
	GlobalSection(ProjectConfigurationPlatforms) = postSolution
		{21D7682A-7FB1-415D-AF1C-80CBB1AF193D}.Debug|Any CPU.ActiveCfg = Debug|x86
		{21D7682A-7FB1-415D-AF1C-80CBB1AF193D}.Debug|Any CPU.Build.0 = Debug|x86
		{21D7682A-7FB1-415D-AF1C-80CBB1AF193D}.Debug|Any CPU.Deploy.0 = Debug|x86
		{21D7682A-7FB1-415D-AF1C-80CBB1AF193D}.Debug|ARM.ActiveCfg = Debug|ARM
		{21D7682A-7FB1-415D-AF1C-80CBB1AF193D}.Debug|ARM.Build.0 = Debug|ARM
		{21D7682A-7FB1-415D-AF1C-80CBB1AF193D}.Debug|ARM.Deploy.0 = Debug|ARM
		{21D7682A-7FB1-415D-AF1C-80CBB1AF193D}.Debug|iPhone.ActiveCfg = Debug|x86
		{21D7682A-7FB1-415D-AF1C-80CBB1AF193D}.Debug|iPhone.Build.0 = Debug|x86
		{21D7682A-7FB1-415D-AF1C-80CBB1AF193D}.Debug|iPhone.Deploy.0 = Debug|x86
		{21D7682A-7FB1-415D-AF1C-80CBB1AF193D}.Debug|iPhoneSimulator.ActiveCfg = Debug|x86
		{21D7682A-7FB1-415D-AF1C-80CBB1AF193D}.Debug|iPhoneSimulator.Build.0 = Debug|x86
		{21D7682A-7FB1-415D-AF1C-80CBB1AF193D}.Debug|iPhoneSimulator.Deploy.0 = Debug|x86
		{21D7682A-7FB1-415D-AF1C-80CBB1AF193D}.Debug|x64.ActiveCfg = Debug|x64
		{21D7682A-7FB1-415D-AF1C-80CBB1AF193D}.Debug|x64.Build.0 = Debug|x64
		{21D7682A-7FB1-415D-AF1C-80CBB1AF193D}.Debug|x64.Deploy.0 = Debug|x64
		{21D7682A-7FB1-415D-AF1C-80CBB1AF193D}.Debug|x86.ActiveCfg = Debug|x86
		{21D7682A-7FB1-415D-AF1C-80CBB1AF193D}.Debug|x86.Build.0 = Debug|x86
		{21D7682A-7FB1-415D-AF1C-80CBB1AF193D}.Debug|x86.Deploy.0 = Debug|x86
		{21D7682A-7FB1-415D-AF1C-80CBB1AF193D}.Release|Any CPU.ActiveCfg = Release|x86
		{21D7682A-7FB1-415D-AF1C-80CBB1AF193D}.Release|Any CPU.Build.0 = Release|x86
		{21D7682A-7FB1-415D-AF1C-80CBB1AF193D}.Release|Any CPU.Deploy.0 = Release|x86
		{21D7682A-7FB1-415D-AF1C-80CBB1AF193D}.Release|ARM.ActiveCfg = Release|ARM
		{21D7682A-7FB1-415D-AF1C-80CBB1AF193D}.Release|ARM.Build.0 = Release|ARM
		{21D7682A-7FB1-415D-AF1C-80CBB1AF193D}.Release|ARM.Deploy.0 = Release|ARM
		{21D7682A-7FB1-415D-AF1C-80CBB1AF193D}.Release|iPhone.ActiveCfg = Release|x86
		{21D7682A-7FB1-415D-AF1C-80CBB1AF193D}.Release|iPhone.Build.0 = Release|x86
		{21D7682A-7FB1-415D-AF1C-80CBB1AF193D}.Release|iPhone.Deploy.0 = Release|x86
		{21D7682A-7FB1-415D-AF1C-80CBB1AF193D}.Release|iPhoneSimulator.ActiveCfg = Release|x86
		{21D7682A-7FB1-415D-AF1C-80CBB1AF193D}.Release|iPhoneSimulator.Build.0 = Release|x86
		{21D7682A-7FB1-415D-AF1C-80CBB1AF193D}.Release|iPhoneSimulator.Deploy.0 = Release|x86
		{21D7682A-7FB1-415D-AF1C-80CBB1AF193D}.Release|x64.ActiveCfg = Release|x64
		{21D7682A-7FB1-415D-AF1C-80CBB1AF193D}.Release|x64.Build.0 = Release|x64
		{21D7682A-7FB1-415D-AF1C-80CBB1AF193D}.Release|x64.Deploy.0 = Release|x64
		{21D7682A-7FB1-415D-AF1C-80CBB1AF193D}.Release|x86.ActiveCfg = Release|x86
		{21D7682A-7FB1-415D-AF1C-80CBB1AF193D}.Release|x86.Build.0 = Release|x86
		{21D7682A-7FB1-415D-AF1C-80CBB1AF193D}.Release|x86.Deploy.0 = Release|x86
		{E08FFB0E-850A-4199-BAC2-3ECDD0F30BA3}.Debug|Any CPU.ActiveCfg = Debug|Any CPU
		{E08FFB0E-850A-4199-BAC2-3ECDD0F30BA3}.Debug|Any CPU.Build.0 = Debug|Any CPU
		{E08FFB0E-850A-4199-BAC2-3ECDD0F30BA3}.Debug|Any CPU.Deploy.0 = Debug|Any CPU
		{E08FFB0E-850A-4199-BAC2-3ECDD0F30BA3}.Debug|ARM.ActiveCfg = Debug|Any CPU
		{E08FFB0E-850A-4199-BAC2-3ECDD0F30BA3}.Debug|ARM.Build.0 = Debug|Any CPU
		{E08FFB0E-850A-4199-BAC2-3ECDD0F30BA3}.Debug|ARM.Deploy.0 = Debug|Any CPU
		{E08FFB0E-850A-4199-BAC2-3ECDD0F30BA3}.Debug|iPhone.ActiveCfg = Debug|Any CPU
		{E08FFB0E-850A-4199-BAC2-3ECDD0F30BA3}.Debug|iPhone.Build.0 = Debug|Any CPU
		{E08FFB0E-850A-4199-BAC2-3ECDD0F30BA3}.Debug|iPhone.Deploy.0 = Debug|Any CPU
		{E08FFB0E-850A-4199-BAC2-3ECDD0F30BA3}.Debug|iPhoneSimulator.ActiveCfg = Debug|Any CPU
		{E08FFB0E-850A-4199-BAC2-3ECDD0F30BA3}.Debug|iPhoneSimulator.Build.0 = Debug|Any CPU
		{E08FFB0E-850A-4199-BAC2-3ECDD0F30BA3}.Debug|iPhoneSimulator.Deploy.0 = Debug|Any CPU
		{E08FFB0E-850A-4199-BAC2-3ECDD0F30BA3}.Debug|x64.ActiveCfg = Debug|Any CPU
		{E08FFB0E-850A-4199-BAC2-3ECDD0F30BA3}.Debug|x64.Build.0 = Debug|Any CPU
		{E08FFB0E-850A-4199-BAC2-3ECDD0F30BA3}.Debug|x64.Deploy.0 = Debug|Any CPU
		{E08FFB0E-850A-4199-BAC2-3ECDD0F30BA3}.Debug|x86.ActiveCfg = Debug|Any CPU
		{E08FFB0E-850A-4199-BAC2-3ECDD0F30BA3}.Debug|x86.Build.0 = Debug|Any CPU
		{E08FFB0E-850A-4199-BAC2-3ECDD0F30BA3}.Debug|x86.Deploy.0 = Debug|Any CPU
		{E08FFB0E-850A-4199-BAC2-3ECDD0F30BA3}.Release|Any CPU.ActiveCfg = Release|Any CPU
		{E08FFB0E-850A-4199-BAC2-3ECDD0F30BA3}.Release|Any CPU.Build.0 = Release|Any CPU
		{E08FFB0E-850A-4199-BAC2-3ECDD0F30BA3}.Release|Any CPU.Deploy.0 = Release|Any CPU
		{E08FFB0E-850A-4199-BAC2-3ECDD0F30BA3}.Release|ARM.ActiveCfg = Release|Any CPU
		{E08FFB0E-850A-4199-BAC2-3ECDD0F30BA3}.Release|ARM.Build.0 = Release|Any CPU
		{E08FFB0E-850A-4199-BAC2-3ECDD0F30BA3}.Release|ARM.Deploy.0 = Release|Any CPU
		{E08FFB0E-850A-4199-BAC2-3ECDD0F30BA3}.Release|iPhone.ActiveCfg = Release|Any CPU
		{E08FFB0E-850A-4199-BAC2-3ECDD0F30BA3}.Release|iPhone.Build.0 = Release|Any CPU
		{E08FFB0E-850A-4199-BAC2-3ECDD0F30BA3}.Release|iPhone.Deploy.0 = Release|Any CPU
		{E08FFB0E-850A-4199-BAC2-3ECDD0F30BA3}.Release|iPhoneSimulator.ActiveCfg = Release|Any CPU
		{E08FFB0E-850A-4199-BAC2-3ECDD0F30BA3}.Release|iPhoneSimulator.Build.0 = Release|Any CPU
		{E08FFB0E-850A-4199-BAC2-3ECDD0F30BA3}.Release|iPhoneSimulator.Deploy.0 = Release|Any CPU
		{E08FFB0E-850A-4199-BAC2-3ECDD0F30BA3}.Release|x64.ActiveCfg = Release|Any CPU
		{E08FFB0E-850A-4199-BAC2-3ECDD0F30BA3}.Release|x64.Build.0 = Release|Any CPU
		{E08FFB0E-850A-4199-BAC2-3ECDD0F30BA3}.Release|x64.Deploy.0 = Release|Any CPU
		{E08FFB0E-850A-4199-BAC2-3ECDD0F30BA3}.Release|x86.ActiveCfg = Release|Any CPU
		{E08FFB0E-850A-4199-BAC2-3ECDD0F30BA3}.Release|x86.Build.0 = Release|Any CPU
		{E08FFB0E-850A-4199-BAC2-3ECDD0F30BA3}.Release|x86.Deploy.0 = Release|Any CPU
		{A313E0A3-6E7C-4142-8E2A-AF766F74CBD1}.Debug|Any CPU.ActiveCfg = Debug|iPhoneSimulator
		{A313E0A3-6E7C-4142-8E2A-AF766F74CBD1}.Debug|Any CPU.Build.0 = Debug|iPhoneSimulator
		{A313E0A3-6E7C-4142-8E2A-AF766F74CBD1}.Debug|Any CPU.Deploy.0 = Debug|iPhoneSimulator
		{A313E0A3-6E7C-4142-8E2A-AF766F74CBD1}.Debug|ARM.ActiveCfg = Debug|iPhone
		{A313E0A3-6E7C-4142-8E2A-AF766F74CBD1}.Debug|ARM.Build.0 = Debug|iPhone
		{A313E0A3-6E7C-4142-8E2A-AF766F74CBD1}.Debug|ARM.Deploy.0 = Debug|iPhone
		{A313E0A3-6E7C-4142-8E2A-AF766F74CBD1}.Debug|iPhone.ActiveCfg = Debug|iPhone
		{A313E0A3-6E7C-4142-8E2A-AF766F74CBD1}.Debug|iPhone.Build.0 = Debug|iPhone
		{A313E0A3-6E7C-4142-8E2A-AF766F74CBD1}.Debug|iPhone.Deploy.0 = Debug|iPhone
		{A313E0A3-6E7C-4142-8E2A-AF766F74CBD1}.Debug|iPhoneSimulator.ActiveCfg = Debug|iPhoneSimulator
		{A313E0A3-6E7C-4142-8E2A-AF766F74CBD1}.Debug|iPhoneSimulator.Build.0 = Debug|iPhoneSimulator
		{A313E0A3-6E7C-4142-8E2A-AF766F74CBD1}.Debug|iPhoneSimulator.Deploy.0 = Debug|iPhoneSimulator
		{A313E0A3-6E7C-4142-8E2A-AF766F74CBD1}.Debug|x64.ActiveCfg = Debug|iPhoneSimulator
		{A313E0A3-6E7C-4142-8E2A-AF766F74CBD1}.Debug|x64.Build.0 = Debug|iPhoneSimulator
		{A313E0A3-6E7C-4142-8E2A-AF766F74CBD1}.Debug|x64.Deploy.0 = Debug|iPhoneSimulator
		{A313E0A3-6E7C-4142-8E2A-AF766F74CBD1}.Debug|x86.ActiveCfg = Debug|iPhoneSimulator
		{A313E0A3-6E7C-4142-8E2A-AF766F74CBD1}.Debug|x86.Build.0 = Debug|iPhoneSimulator
		{A313E0A3-6E7C-4142-8E2A-AF766F74CBD1}.Debug|x86.Deploy.0 = Debug|iPhoneSimulator
		{A313E0A3-6E7C-4142-8E2A-AF766F74CBD1}.Release|Any CPU.ActiveCfg = Release|iPhoneSimulator
		{A313E0A3-6E7C-4142-8E2A-AF766F74CBD1}.Release|Any CPU.Build.0 = Release|iPhoneSimulator
		{A313E0A3-6E7C-4142-8E2A-AF766F74CBD1}.Release|Any CPU.Deploy.0 = Release|iPhoneSimulator
		{A313E0A3-6E7C-4142-8E2A-AF766F74CBD1}.Release|ARM.ActiveCfg = Release|iPhoneSimulator
		{A313E0A3-6E7C-4142-8E2A-AF766F74CBD1}.Release|ARM.Build.0 = Release|iPhoneSimulator
		{A313E0A3-6E7C-4142-8E2A-AF766F74CBD1}.Release|ARM.Deploy.0 = Release|iPhoneSimulator
		{A313E0A3-6E7C-4142-8E2A-AF766F74CBD1}.Release|iPhone.ActiveCfg = Release|iPhone
		{A313E0A3-6E7C-4142-8E2A-AF766F74CBD1}.Release|iPhone.Build.0 = Release|iPhone
		{A313E0A3-6E7C-4142-8E2A-AF766F74CBD1}.Release|iPhone.Deploy.0 = Release|iPhone
		{A313E0A3-6E7C-4142-8E2A-AF766F74CBD1}.Release|iPhoneSimulator.ActiveCfg = Release|iPhoneSimulator
		{A313E0A3-6E7C-4142-8E2A-AF766F74CBD1}.Release|iPhoneSimulator.Build.0 = Release|iPhoneSimulator
		{A313E0A3-6E7C-4142-8E2A-AF766F74CBD1}.Release|iPhoneSimulator.Deploy.0 = Release|iPhoneSimulator
		{A313E0A3-6E7C-4142-8E2A-AF766F74CBD1}.Release|x64.ActiveCfg = Release|iPhoneSimulator
		{A313E0A3-6E7C-4142-8E2A-AF766F74CBD1}.Release|x64.Build.0 = Release|iPhoneSimulator
		{A313E0A3-6E7C-4142-8E2A-AF766F74CBD1}.Release|x64.Deploy.0 = Release|iPhoneSimulator
		{A313E0A3-6E7C-4142-8E2A-AF766F74CBD1}.Release|x86.ActiveCfg = Release|iPhoneSimulator
		{A313E0A3-6E7C-4142-8E2A-AF766F74CBD1}.Release|x86.Build.0 = Release|iPhoneSimulator
		{A313E0A3-6E7C-4142-8E2A-AF766F74CBD1}.Release|x86.Deploy.0 = Release|iPhoneSimulator
		{5785C1DD-058F-49AA-BCE9-DE30C39CF218}.Debug|Any CPU.ActiveCfg = Debug|Any CPU
		{5785C1DD-058F-49AA-BCE9-DE30C39CF218}.Debug|Any CPU.Build.0 = Debug|Any CPU
		{5785C1DD-058F-49AA-BCE9-DE30C39CF218}.Debug|Any CPU.Deploy.0 = Debug|Any CPU
		{5785C1DD-058F-49AA-BCE9-DE30C39CF218}.Debug|ARM.ActiveCfg = Debug|Any CPU
		{5785C1DD-058F-49AA-BCE9-DE30C39CF218}.Debug|ARM.Build.0 = Debug|Any CPU
		{5785C1DD-058F-49AA-BCE9-DE30C39CF218}.Debug|ARM.Deploy.0 = Debug|Any CPU
		{5785C1DD-058F-49AA-BCE9-DE30C39CF218}.Debug|iPhone.ActiveCfg = Debug|Any CPU
		{5785C1DD-058F-49AA-BCE9-DE30C39CF218}.Debug|iPhone.Build.0 = Debug|Any CPU
		{5785C1DD-058F-49AA-BCE9-DE30C39CF218}.Debug|iPhone.Deploy.0 = Debug|Any CPU
		{5785C1DD-058F-49AA-BCE9-DE30C39CF218}.Debug|iPhoneSimulator.ActiveCfg = Debug|Any CPU
		{5785C1DD-058F-49AA-BCE9-DE30C39CF218}.Debug|iPhoneSimulator.Build.0 = Debug|Any CPU
		{5785C1DD-058F-49AA-BCE9-DE30C39CF218}.Debug|iPhoneSimulator.Deploy.0 = Debug|Any CPU
		{5785C1DD-058F-49AA-BCE9-DE30C39CF218}.Debug|x64.ActiveCfg = Debug|Any CPU
		{5785C1DD-058F-49AA-BCE9-DE30C39CF218}.Debug|x64.Build.0 = Debug|Any CPU
		{5785C1DD-058F-49AA-BCE9-DE30C39CF218}.Debug|x64.Deploy.0 = Debug|Any CPU
		{5785C1DD-058F-49AA-BCE9-DE30C39CF218}.Debug|x86.ActiveCfg = Debug|Any CPU
		{5785C1DD-058F-49AA-BCE9-DE30C39CF218}.Debug|x86.Build.0 = Debug|Any CPU
		{5785C1DD-058F-49AA-BCE9-DE30C39CF218}.Debug|x86.Deploy.0 = Debug|Any CPU
		{5785C1DD-058F-49AA-BCE9-DE30C39CF218}.Release|Any CPU.ActiveCfg = Release|Any CPU
		{5785C1DD-058F-49AA-BCE9-DE30C39CF218}.Release|Any CPU.Build.0 = Release|Any CPU
		{5785C1DD-058F-49AA-BCE9-DE30C39CF218}.Release|Any CPU.Deploy.0 = Release|Any CPU
		{5785C1DD-058F-49AA-BCE9-DE30C39CF218}.Release|ARM.ActiveCfg = Release|Any CPU
		{5785C1DD-058F-49AA-BCE9-DE30C39CF218}.Release|ARM.Build.0 = Release|Any CPU
		{5785C1DD-058F-49AA-BCE9-DE30C39CF218}.Release|ARM.Deploy.0 = Release|Any CPU
		{5785C1DD-058F-49AA-BCE9-DE30C39CF218}.Release|iPhone.ActiveCfg = Release|Any CPU
		{5785C1DD-058F-49AA-BCE9-DE30C39CF218}.Release|iPhone.Build.0 = Release|Any CPU
		{5785C1DD-058F-49AA-BCE9-DE30C39CF218}.Release|iPhone.Deploy.0 = Release|Any CPU
		{5785C1DD-058F-49AA-BCE9-DE30C39CF218}.Release|iPhoneSimulator.ActiveCfg = Release|Any CPU
		{5785C1DD-058F-49AA-BCE9-DE30C39CF218}.Release|iPhoneSimulator.Build.0 = Release|Any CPU
		{5785C1DD-058F-49AA-BCE9-DE30C39CF218}.Release|iPhoneSimulator.Deploy.0 = Release|Any CPU
		{5785C1DD-058F-49AA-BCE9-DE30C39CF218}.Release|x64.ActiveCfg = Release|Any CPU
		{5785C1DD-058F-49AA-BCE9-DE30C39CF218}.Release|x64.Build.0 = Release|Any CPU
		{5785C1DD-058F-49AA-BCE9-DE30C39CF218}.Release|x64.Deploy.0 = Release|Any CPU
		{5785C1DD-058F-49AA-BCE9-DE30C39CF218}.Release|x86.ActiveCfg = Release|Any CPU
		{5785C1DD-058F-49AA-BCE9-DE30C39CF218}.Release|x86.Build.0 = Release|Any CPU
		{5785C1DD-058F-49AA-BCE9-DE30C39CF218}.Release|x86.Deploy.0 = Release|Any CPU
	EndGlobalSection
	GlobalSection(SolutionProperties) = preSolution
		HideSolutionNode = FALSE
	EndGlobalSection
	GlobalSection(ExtensibilityGlobals) = postSolution
		SolutionGuid = {82288891-F76A-4141-90D5-1F6C732B4D31}
	EndGlobalSection
EndGlobal
